
Microsoft Visual Studio Solution File, Format Version 12.00
# Visual Studio Version 17
VisualStudioVersion = 17.2.32616.157
MinimumVisualStudioVersion = 10.0.40219.1
Project("{FAE04EC0-301F-11D3-BF4B-00C04F79EFBC}") = "Arrays", "Arrays.csproj", "{7CF2396B-739E-4C17-856B-B47FBB93F1BB}"
EndProject
Global
	GlobalSection(SolutionConfigurationPlatforms) = preSolution
		Debug|Any CPU = Debug|Any CPU
		Release|Any CPU = Release|Any CPU
	EndGlobalSection
	GlobalSection(ProjectConfigurationPlatforms) = postSolution
		{7CF2396B-739E-4C17-856B-B47FBB93F1BB}.Debug|Any CPU.ActiveCfg = Debug|Any CPU
		{7CF2396B-739E-4C17-856B-B47FBB93F1BB}.Debug|Any CPU.Build.0 = Debug|Any CPU
		{7CF2396B-739E-4C17-856B-B47FBB93F1BB}.Release|Any CPU.ActiveCfg = Release|Any CPU
		{7CF2396B-739E-4C17-856B-B47FBB93F1BB}.Release|Any CPU.Build.0 = Release|Any CPU
	EndGlobalSection
	GlobalSection(SolutionProperties) = preSolution
		HideSolutionNode = FALSE
	EndGlobalSection
	GlobalSection(ExtensibilityGlobals) = postSolution
		SolutionGuid = {65A69B3E-E5B7-4BD3-853A-A23ABF2769BD}
	EndGlobalSection
EndGlobal
