
Microsoft Visual Studio Solution File, Format Version 12.00
# Visual Studio Version 17
VisualStudioVersion = 17.2.32616.157
MinimumVisualStudioVersion = 10.0.40219.1
Project("{FAE04EC0-301F-11D3-BF4B-00C04F79EFBC}") = "Practice Task 6", "Practice Task 6.csproj", "{23E6CE92-B054-401D-AFF2-98288AC6C930}"
EndProject
Global
	GlobalSection(SolutionConfigurationPlatforms) = preSolution
		Debug|Any CPU = Debug|Any CPU
		Release|Any CPU = Release|Any CPU
	EndGlobalSection
	GlobalSection(ProjectConfigurationPlatforms) = postSolution
		{23E6CE92-B054-401D-AFF2-98288AC6C930}.Debug|Any CPU.ActiveCfg = Debug|Any CPU
		{23E6CE92-B054-401D-AFF2-98288AC6C930}.Debug|Any CPU.Build.0 = Debug|Any CPU
		{23E6CE92-B054-401D-AFF2-98288AC6C930}.Release|Any CPU.ActiveCfg = Release|Any CPU
		{23E6CE92-B054-401D-AFF2-98288AC6C930}.Release|Any CPU.Build.0 = Release|Any CPU
	EndGlobalSection
	GlobalSection(SolutionProperties) = preSolution
		HideSolutionNode = FALSE
	EndGlobalSection
	GlobalSection(ExtensibilityGlobals) = postSolution
		SolutionGuid = {4A0F3F9F-01CA-4115-B8AF-5E304D92CC33}
	EndGlobalSection
EndGlobal
