
Microsoft Visual Studio Solution File, Format Version 12.00
# Visual Studio Version 17
VisualStudioVersion = 17.2.32616.157
MinimumVisualStudioVersion = 10.0.40219.1
Project("{FAE04EC0-301F-11D3-BF4B-00C04F79EFBC}") = "Practice Task 2", "Practice Task 2.csproj", "{6761E478-9E85-43BB-9787-B6A00C76BD8E}"
EndProject
Global
	GlobalSection(SolutionConfigurationPlatforms) = preSolution
		Debug|Any CPU = Debug|Any CPU
		Release|Any CPU = Release|Any CPU
	EndGlobalSection
	GlobalSection(ProjectConfigurationPlatforms) = postSolution
		{6761E478-9E85-43BB-9787-B6A00C76BD8E}.Debug|Any CPU.ActiveCfg = Debug|Any CPU
		{6761E478-9E85-43BB-9787-B6A00C76BD8E}.Debug|Any CPU.Build.0 = Debug|Any CPU
		{6761E478-9E85-43BB-9787-B6A00C76BD8E}.Release|Any CPU.ActiveCfg = Release|Any CPU
		{6761E478-9E85-43BB-9787-B6A00C76BD8E}.Release|Any CPU.Build.0 = Release|Any CPU
	EndGlobalSection
	GlobalSection(SolutionProperties) = preSolution
		HideSolutionNode = FALSE
	EndGlobalSection
	GlobalSection(ExtensibilityGlobals) = postSolution
		SolutionGuid = {A530FB6D-15D1-41D9-BD47-3D96A0ABE99F}
	EndGlobalSection
EndGlobal
